// !$*UTF8*$!
{
	archiveVersion = 1;
	classes = {
	};
	objectVersion = 56;
	objects = {

/* Begin PBXBuildFile section */
		A13E6A892B8FE3F700D5C589 /* DetailView.swift in Sources */ = {isa = PBXBuildFile; fileRef = A13E6A882B8FE3F700D5C589 /* DetailView.swift */; };
		A198E15E2B9133330012B8BA /* Movie.mp4 in Resources */ = {isa = PBXBuildFile; fileRef = A198E15D2B9131DC0012B8BA /* Movie.mp4 */; };
		A198E1602B9139FB0012B8BA /* FullScreenView.swift in Sources */ = {isa = PBXBuildFile; fileRef = A198E15F2B9139FB0012B8BA /* FullScreenView.swift */; };
		A1CCBFEB2B87FFBF008C4B3A /* RealityKitContent in Frameworks */ = {isa = PBXBuildFile; productRef = A1CCBFEA2B87FFBF008C4B3A /* RealityKitContent */; };
		A1CCBFED2B87FFBF008C4B3A /* NetflixApp.swift in Sources */ = {isa = PBXBuildFile; fileRef = A1CCBFEC2B87FFBF008C4B3A /* NetflixApp.swift */; };
		A1CCBFEF2B87FFBF008C4B3A /* ContentView.swift in Sources */ = {isa = PBXBuildFile; fileRef = A1CCBFEE2B87FFBF008C4B3A /* ContentView.swift */; };
		A1CCBFF12B87FFBF008C4B3A /* ImmersiveView.swift in Sources */ = {isa = PBXBuildFile; fileRef = A1CCBFF02B87FFBF008C4B3A /* ImmersiveView.swift */; };
		A1CCBFF32B87FFBF008C4B3A /* ImageBasedLighting.skybox in Resources */ = {isa = PBXBuildFile; fileRef = A1CCBFF22B87FFBF008C4B3A /* ImageBasedLighting.skybox */; };
		A1CCBFF52B87FFC1008C4B3A /* Assets.xcassets in Resources */ = {isa = PBXBuildFile; fileRef = A1CCBFF42B87FFC1008C4B3A /* Assets.xcassets */; };
		A1CCBFF82B87FFC1008C4B3A /* Preview Assets.xcassets in Resources */ = {isa = PBXBuildFile; fileRef = A1CCBFF72B87FFC1008C4B3A /* Preview Assets.xcassets */; };
		A1CCC0012B880091008C4B3A /* ProfilesViews.swift in Sources */ = {isa = PBXBuildFile; fileRef = A1CCC0002B880091008C4B3A /* ProfilesViews.swift */; };
		A1CCC0042B880717008C4B3A /* ProfileButton.swift in Sources */ = {isa = PBXBuildFile; fileRef = A1CCC0032B880717008C4B3A /* ProfileButton.swift */; };
		A1CCC0072B8807D2008C4B3A /* Profile.swift in Sources */ = {isa = PBXBuildFile; fileRef = A1CCC0062B8807D2008C4B3A /* Profile.swift */; };
		A1CCC0092B892F9C008C4B3A /* HomeView.swift in Sources */ = {isa = PBXBuildFile; fileRef = A1CCC0082B892F9C008C4B3A /* HomeView.swift */; };
		A1CCC00B2B8A43FD008C4B3A /* Category.swift in Sources */ = {isa = PBXBuildFile; fileRef = A1CCC00A2B8A43FD008C4B3A /* Category.swift */; };
		A1CCC00D2B8A4A04008C4B3A /* ContentType.swift in Sources */ = {isa = PBXBuildFile; fileRef = A1CCC00C2B8A4A04008C4B3A /* ContentType.swift */; };
		A1CCC00F2B8A4AEB008C4B3A /* Content.swift in Sources */ = {isa = PBXBuildFile; fileRef = A1CCC00E2B8A4AEB008C4B3A /* Content.swift */; };
		A1CCC0112B8A5489008C4B3A /* ContentButton.swift in Sources */ = {isa = PBXBuildFile; fileRef = A1CCC0102B8A5489008C4B3A /* ContentButton.swift */; };
/* End PBXBuildFile section */

/* Begin PBXFileReference section */
		A13E6A882B8FE3F700D5C589 /* DetailView.swift */ = {isa = PBXFileReference; lastKnownFileType = sourcecode.swift; path = DetailView.swift; sourceTree = "<group>"; };
		A198E15D2B9131DC0012B8BA /* Movie.mp4 */ = {isa = PBXFileReference; lastKnownFileType = file; path = Movie.mp4; sourceTree = "<group>"; };
		A198E15F2B9139FB0012B8BA /* FullScreenView.swift */ = {isa = PBXFileReference; lastKnownFileType = sourcecode.swift; path = FullScreenView.swift; sourceTree = "<group>"; };
		A1CCBFE52B87FFBF008C4B3A /* Netflix.app */ = {isa = PBXFileReference; explicitFileType = wrapper.application; includeInIndex = 0; path = Netflix.app; sourceTree = BUILT_PRODUCTS_DIR; };
		A1CCBFE92B87FFBF008C4B3A /* RealityKitContent */ = {isa = PBXFileReference; lastKnownFileType = wrapper; path = RealityKitContent; sourceTree = "<group>"; };
		A1CCBFEC2B87FFBF008C4B3A /* NetflixApp.swift */ = {isa = PBXFileReference; lastKnownFileType = sourcecode.swift; path = NetflixApp.swift; sourceTree = "<group>"; };
		A1CCBFEE2B87FFBF008C4B3A /* ContentView.swift */ = {isa = PBXFileReference; lastKnownFileType = sourcecode.swift; path = ContentView.swift; sourceTree = "<group>"; };
		A1CCBFF02B87FFBF008C4B3A /* ImmersiveView.swift */ = {isa = PBXFileReference; lastKnownFileType = sourcecode.swift; path = ImmersiveView.swift; sourceTree = "<group>"; };
		A1CCBFF22B87FFBF008C4B3A /* ImageBasedLighting.skybox */ = {isa = PBXFileReference; lastKnownFileType = file.skybox; path = ImageBasedLighting.skybox; sourceTree = "<group>"; };
		A1CCBFF42B87FFC1008C4B3A /* Assets.xcassets */ = {isa = PBXFileReference; lastKnownFileType = folder.assetcatalog; path = Assets.xcassets; sourceTree = "<group>"; };
		A1CCBFF72B87FFC1008C4B3A /* Preview Assets.xcassets */ = {isa = PBXFileReference; lastKnownFileType = folder.assetcatalog; path = "Preview Assets.xcassets"; sourceTree = "<group>"; };
		A1CCBFF92B87FFC1008C4B3A /* Info.plist */ = {isa = PBXFileReference; lastKnownFileType = text.plist.xml; path = Info.plist; sourceTree = "<group>"; };
		A1CCC0002B880091008C4B3A /* ProfilesViews.swift */ = {isa = PBXFileReference; lastKnownFileType = sourcecode.swift; path = ProfilesViews.swift; sourceTree = "<group>"; };
		A1CCC0032B880717008C4B3A /* ProfileButton.swift */ = {isa = PBXFileReference; lastKnownFileType = sourcecode.swift; path = ProfileButton.swift; sourceTree = "<group>"; };
		A1CCC0062B8807D2008C4B3A /* Profile.swift */ = {isa = PBXFileReference; lastKnownFileType = sourcecode.swift; path = Profile.swift; sourceTree = "<group>"; };
		A1CCC0082B892F9C008C4B3A /* HomeView.swift */ = {isa = PBXFileReference; lastKnownFileType = sourcecode.swift; path = HomeView.swift; sourceTree = "<group>"; };
		A1CCC00A2B8A43FD008C4B3A /* Category.swift */ = {isa = PBXFileReference; lastKnownFileType = sourcecode.swift; name = Category.swift; path = ../../../../Category.swift; sourceTree = "<group>"; };
		A1CCC00C2B8A4A04008C4B3A /* ContentType.swift */ = {isa = PBXFileReference; lastKnownFileType = sourcecode.swift; path = ContentType.swift; sourceTree = "<group>"; };
		A1CCC00E2B8A4AEB008C4B3A /* Content.swift */ = {isa = PBXFileReference; lastKnownFileType = sourcecode.swift; path = Content.swift; sourceTree = "<group>"; };
		A1CCC0102B8A5489008C4B3A /* ContentButton.swift */ = {isa = PBXFileReference; lastKnownFileType = sourcecode.swift; path = ContentButton.swift; sourceTree = "<group>"; };
/* End PBXFileReference section */

/* Begin PBXFrameworksBuildPhase section */
		A1CCBFE22B87FFBF008C4B3A /* Frameworks */ = {
			isa = PBXFrameworksBuildPhase;
			buildActionMask = 2147483647;
			files = (
				A1CCBFEB2B87FFBF008C4B3A /* RealityKitContent in Frameworks */,
			);
			runOnlyForDeploymentPostprocessing = 0;
		};
/* End PBXFrameworksBuildPhase section */

/* Begin PBXGroup section */
		A1CCBFDC2B87FFBF008C4B3A = {
			isa = PBXGroup;
			children = (
				A1CCBFE72B87FFBF008C4B3A /* Netflix */,
				A1CCBFE82B87FFBF008C4B3A /* Packages */,
				A1CCBFE62B87FFBF008C4B3A /* Products */,
			);
			sourceTree = "<group>";
		};
		A1CCBFE62B87FFBF008C4B3A /* Products */ = {
			isa = PBXGroup;
			children = (
				A1CCBFE52B87FFBF008C4B3A /* Netflix.app */,
			);
			name = Products;
			sourceTree = "<group>";
		};
		A1CCBFE72B87FFBF008C4B3A /* Netflix */ = {
			isa = PBXGroup;
			children = (
				A198E15D2B9131DC0012B8BA /* Movie.mp4 */,
				A1CCC0052B8807C1008C4B3A /* Models */,
				A1CCC0022B8806FE008C4B3A /* Components */,
				A1CCBFFF2B88003C008C4B3A /* Views */,
				A1CCBFEC2B87FFBF008C4B3A /* NetflixApp.swift */,
				A1CCBFEE2B87FFBF008C4B3A /* ContentView.swift */,
				A1CCBFF02B87FFBF008C4B3A /* ImmersiveView.swift */,
				A1CCBFF22B87FFBF008C4B3A /* ImageBasedLighting.skybox */,
				A1CCBFF42B87FFC1008C4B3A /* Assets.xcassets */,
				A1CCBFF92B87FFC1008C4B3A /* Info.plist */,
				A1CCBFF62B87FFC1008C4B3A /* Preview Content */,
			);
			path = Netflix;
			sourceTree = "<group>";
		};
		A1CCBFE82B87FFBF008C4B3A /* Packages */ = {
			isa = PBXGroup;
			children = (
				A1CCBFE92B87FFBF008C4B3A /* RealityKitContent */,
			);
			path = Packages;
			sourceTree = "<group>";
		};
		A1CCBFF62B87FFC1008C4B3A /* Preview Content */ = {
			isa = PBXGroup;
			children = (
				A1CCBFF72B87FFC1008C4B3A /* Preview Assets.xcassets */,
			);
			path = "Preview Content";
			sourceTree = "<group>";
		};
		A1CCBFFF2B88003C008C4B3A /* Views */ = {
			isa = PBXGroup;
			children = (
				A1CCC0002B880091008C4B3A /* ProfilesViews.swift */,
				A1CCC0082B892F9C008C4B3A /* HomeView.swift */,
				A13E6A882B8FE3F700D5C589 /* DetailView.swift */,
				A198E15F2B9139FB0012B8BA /* FullScreenView.swift */,
			);
			path = Views;
			sourceTree = "<group>";
		};
		A1CCC0022B8806FE008C4B3A /* Components */ = {
			isa = PBXGroup;
			children = (
				A1CCC0032B880717008C4B3A /* ProfileButton.swift */,
				A1CCC0102B8A5489008C4B3A /* ContentButton.swift */,
			);
			path = Components;
			sourceTree = "<group>";
		};
		A1CCC0052B8807C1008C4B3A /* Models */ = {
			isa = PBXGroup;
			children = (
				A1CCC0062B8807D2008C4B3A /* Profile.swift */,
				A1CCC00A2B8A43FD008C4B3A /* Category.swift */,
				A1CCC00C2B8A4A04008C4B3A /* ContentType.swift */,
				A1CCC00E2B8A4AEB008C4B3A /* Content.swift */,
			);
			path = Models;
			sourceTree = "<group>";
		};
/* End PBXGroup section */

/* Begin PBXNativeTarget section */
		A1CCBFE42B87FFBF008C4B3A /* Netflix */ = {
			isa = PBXNativeTarget;
			buildConfigurationList = A1CCBFFC2B87FFC1008C4B3A /* Build configuration list for PBXNativeTarget "Netflix" */;
			buildPhases = (
				A1CCBFE12B87FFBF008C4B3A /* Sources */,
				A1CCBFE22B87FFBF008C4B3A /* Frameworks */,
				A1CCBFE32B87FFBF008C4B3A /* Resources */,
			);
			buildRules = (
			);
			dependencies = (
			);
			name = Netflix;
			packageProductDependencies = (
				A1CCBFEA2B87FFBF008C4B3A /* RealityKitContent */,
			);
			productName = Netflix;
			productReference = A1CCBFE52B87FFBF008C4B3A /* Netflix.app */;
			productType = "com.apple.product-type.application";
		};
/* End PBXNativeTarget section */

/* Begin PBXProject section */
		A1CCBFDD2B87FFBF008C4B3A /* Project object */ = {
			isa = PBXProject;
			attributes = {
				BuildIndependentTargetsInParallel = 1;
				LastSwiftUpdateCheck = 1520;
				LastUpgradeCheck = 1520;
				TargetAttributes = {
					A1CCBFE42B87FFBF008C4B3A = {
						CreatedOnToolsVersion = 15.2;
					};
				};
			};
			buildConfigurationList = A1CCBFE02B87FFBF008C4B3A /* Build configuration list for PBXProject "Netflix" */;
			compatibilityVersion = "Xcode 14.0";
			developmentRegion = en;
			hasScannedForEncodings = 0;
			knownRegions = (
				en,
				Base,
			);
			mainGroup = A1CCBFDC2B87FFBF008C4B3A;
			productRefGroup = A1CCBFE62B87FFBF008C4B3A /* Products */;
			projectDirPath = "";
			projectRoot = "";
			targets = (
				A1CCBFE42B87FFBF008C4B3A /* Netflix */,
			);
		};
/* End PBXProject section */

/* Begin PBXResourcesBuildPhase section */
		A1CCBFE32B87FFBF008C4B3A /* Resources */ = {
			isa = PBXResourcesBuildPhase;
			buildActionMask = 2147483647;
			files = (
				A198E15E2B9133330012B8BA /* Movie.mp4 in Resources */,
				A1CCBFF52B87FFC1008C4B3A /* Assets.xcassets in Resources */,
				A1CCBFF82B87FFC1008C4B3A /* Preview Assets.xcassets in Resources */,
				A1CCBFF32B87FFBF008C4B3A /* ImageBasedLighting.skybox in Resources */,
			);
			runOnlyForDeploymentPostprocessing = 0;
		};
/* End PBXResourcesBuildPhase section */

/* Begin PBXSourcesBuildPhase section */
		A1CCBFE12B87FFBF008C4B3A /* Sources */ = {
			isa = PBXSourcesBuildPhase;
			buildActionMask = 2147483647;
			files = (
				A1CCC0012B880091008C4B3A /* ProfilesViews.swift in Sources */,
				A1CCC0092B892F9C008C4B3A /* HomeView.swift in Sources */,
				A13E6A892B8FE3F700D5C589 /* DetailView.swift in Sources */,
				A1CCC0072B8807D2008C4B3A /* Profile.swift in Sources */,
				A1CCC00F2B8A4AEB008C4B3A /* Content.swift in Sources */,
				A1CCBFEF2B87FFBF008C4B3A /* ContentView.swift in Sources */,
				A198E1602B9139FB0012B8BA /* FullScreenView.swift in Sources */,
				A1CCC0042B880717008C4B3A /* ProfileButton.swift in Sources */,
				A1CCC0112B8A5489008C4B3A /* ContentButton.swift in Sources */,
				A1CCBFED2B87FFBF008C4B3A /* NetflixApp.swift in Sources */,
				A1CCBFF12B87FFBF008C4B3A /* ImmersiveView.swift in Sources */,
				A1CCC00B2B8A43FD008C4B3A /* Category.swift in Sources */,
				A1CCC00D2B8A4A04008C4B3A /* ContentType.swift in Sources */,
			);
			runOnlyForDeploymentPostprocessing = 0;
		};
/* End PBXSourcesBuildPhase section */

/* Begin XCBuildConfiguration section */
		A1CCBFFA2B87FFC1008C4B3A /* Debug */ = {
			isa = XCBuildConfiguration;
			buildSettings = {
				ALWAYS_SEARCH_USER_PATHS = NO;
				ASSETCATALOG_COMPILER_GENERATE_SWIFT_ASSET_SYMBOL_EXTENSIONS = YES;
				CLANG_ANALYZER_NONNULL = YES;
				CLANG_ANALYZER_NUMBER_OBJECT_CONVERSION = YES_AGGRESSIVE;
				CLANG_CXX_LANGUAGE_STANDARD = "gnu++20";
				CLANG_ENABLE_MODULES = YES;
				CLANG_ENABLE_OBJC_ARC = YES;
				CLANG_ENABLE_OBJC_WEAK = YES;
				CLANG_WARN_BLOCK_CAPTURE_AUTORELEASING = YES;
				CLANG_WARN_BOOL_CONVERSION = YES;
				CLANG_WARN_COMMA = YES;
				CLANG_WARN_CONSTANT_CONVERSION = YES;
				CLANG_WARN_DEPRECATED_OBJC_IMPLEMENTATIONS = YES;
				CLANG_WARN_DIRECT_OBJC_ISA_USAGE = YES_ERROR;
				CLANG_WARN_DOCUMENTATION_COMMENTS = YES;
				CLANG_WARN_EMPTY_BODY = YES;
				CLANG_WARN_ENUM_CONVERSION = YES;
				CLANG_WARN_INFINITE_RECURSION = YES;
				CLANG_WARN_INT_CONVERSION = YES;
				CLANG_WARN_NON_LITERAL_NULL_CONVERSION = YES;
				CLANG_WARN_OBJC_IMPLICIT_RETAIN_SELF = YES;
				CLANG_WARN_OBJC_LITERAL_CONVERSION = YES;
				CLANG_WARN_OBJC_ROOT_CLASS = YES_ERROR;
				CLANG_WARN_QUOTED_INCLUDE_IN_FRAMEWORK_HEADER = YES;
				CLANG_WARN_RANGE_LOOP_ANALYSIS = YES;
				CLANG_WARN_STRICT_PROTOTYPES = YES;
				CLANG_WARN_SUSPICIOUS_MOVE = YES;
				CLANG_WARN_UNGUARDED_AVAILABILITY = YES_AGGRESSIVE;
				CLANG_WARN_UNREACHABLE_CODE = YES;
				CLANG_WARN__DUPLICATE_METHOD_MATCH = YES;
				COPY_PHASE_STRIP = NO;
				DEBUG_INFORMATION_FORMAT = dwarf;
				ENABLE_STRICT_OBJC_MSGSEND = YES;
				ENABLE_TESTABILITY = YES;
				ENABLE_USER_SCRIPT_SANDBOXING = YES;
				GCC_C_LANGUAGE_STANDARD = gnu17;
				GCC_DYNAMIC_NO_PIC = NO;
				GCC_NO_COMMON_BLOCKS = YES;
				GCC_OPTIMIZATION_LEVEL = 0;
				GCC_PREPROCESSOR_DEFINITIONS = (
					"DEBUG=1",
					"$(inherited)",
				);
				GCC_WARN_64_TO_32_BIT_CONVERSION = YES;
				GCC_WARN_ABOUT_RETURN_TYPE = YES_ERROR;
				GCC_WARN_UNDECLARED_SELECTOR = YES;
				GCC_WARN_UNINITIALIZED_AUTOS = YES_AGGRESSIVE;
				GCC_WARN_UNUSED_FUNCTION = YES;
				GCC_WARN_UNUSED_VARIABLE = YES;
				LOCALIZATION_PREFERS_STRING_CATALOGS = YES;
				MTL_ENABLE_DEBUG_INFO = INCLUDE_SOURCE;
				MTL_FAST_MATH = YES;
				ONLY_ACTIVE_ARCH = YES;
				SDKROOT = xros;
				SWIFT_ACTIVE_COMPILATION_CONDITIONS = "DEBUG $(inherited)";
				SWIFT_OPTIMIZATION_LEVEL = "-Onone";
				XROS_DEPLOYMENT_TARGET = 1.0;
			};
			name = Debug;
		};
		A1CCBFFB2B87FFC1008C4B3A /* Release */ = {
			isa = XCBuildConfiguration;
			buildSettings = {
				ALWAYS_SEARCH_USER_PATHS = NO;
				ASSETCATALOG_COMPILER_GENERATE_SWIFT_ASSET_SYMBOL_EXTENSIONS = YES;
				CLANG_ANALYZER_NONNULL = YES;
				CLANG_ANALYZER_NUMBER_OBJECT_CONVERSION = YES_AGGRESSIVE;
				CLANG_CXX_LANGUAGE_STANDARD = "gnu++20";
				CLANG_ENABLE_MODULES = YES;
				CLANG_ENABLE_OBJC_ARC = YES;
				CLANG_ENABLE_OBJC_WEAK = YES;
				CLANG_WARN_BLOCK_CAPTURE_AUTORELEASING = YES;
				CLANG_WARN_BOOL_CONVERSION = YES;
				CLANG_WARN_COMMA = YES;
				CLANG_WARN_CONSTANT_CONVERSION = YES;
				CLANG_WARN_DEPRECATED_OBJC_IMPLEMENTATIONS = YES;
				CLANG_WARN_DIRECT_OBJC_ISA_USAGE = YES_ERROR;
				CLANG_WARN_DOCUMENTATION_COMMENTS = YES;
				CLANG_WARN_EMPTY_BODY = YES;
				CLANG_WARN_ENUM_CONVERSION = YES;
				CLANG_WARN_INFINITE_RECURSION = YES;
				CLANG_WARN_INT_CONVERSION = YES;
				CLANG_WARN_NON_LITERAL_NULL_CONVERSION = YES;
				CLANG_WARN_OBJC_IMPLICIT_RETAIN_SELF = YES;
				CLANG_WARN_OBJC_LITERAL_CONVERSION = YES;
				CLANG_WARN_OBJC_ROOT_CLASS = YES_ERROR;
				CLANG_WARN_QUOTED_INCLUDE_IN_FRAMEWORK_HEADER = YES;
				CLANG_WARN_RANGE_LOOP_ANALYSIS = YES;
				CLANG_WARN_STRICT_PROTOTYPES = YES;
				CLANG_WARN_SUSPICIOUS_MOVE = YES;
				CLANG_WARN_UNGUARDED_AVAILABILITY = YES_AGGRESSIVE;
				CLANG_WARN_UNREACHABLE_CODE = YES;
				CLANG_WARN__DUPLICATE_METHOD_MATCH = YES;
				COPY_PHASE_STRIP = NO;
				DEBUG_INFORMATION_FORMAT = "dwarf-with-dsym";
				ENABLE_NS_ASSERTIONS = NO;
				ENABLE_STRICT_OBJC_MSGSEND = YES;
				ENABLE_USER_SCRIPT_SANDBOXING = YES;
				GCC_C_LANGUAGE_STANDARD = gnu17;
				GCC_NO_COMMON_BLOCKS = YES;
				GCC_WARN_64_TO_32_BIT_CONVERSION = YES;
				GCC_WARN_ABOUT_RETURN_TYPE = YES_ERROR;
				GCC_WARN_UNDECLARED_SELECTOR = YES;
				GCC_WARN_UNINITIALIZED_AUTOS = YES_AGGRESSIVE;
				GCC_WARN_UNUSED_FUNCTION = YES;
				GCC_WARN_UNUSED_VARIABLE = YES;
				LOCALIZATION_PREFERS_STRING_CATALOGS = YES;
				MTL_ENABLE_DEBUG_INFO = NO;
				MTL_FAST_MATH = YES;
				SDKROOT = xros;
				SWIFT_COMPILATION_MODE = wholemodule;
				VALIDATE_PRODUCT = YES;
				XROS_DEPLOYMENT_TARGET = 1.0;
			};
			name = Release;
		};
		A1CCBFFD2B87FFC1008C4B3A /* Debug */ = {
			isa = XCBuildConfiguration;
			buildSettings = {
				ASSETCATALOG_COMPILER_APPICON_NAME = AppIcon;
				ASSETCATALOG_COMPILER_GLOBAL_ACCENT_COLOR_NAME = AccentColor;
				CODE_SIGN_STYLE = Automatic;
				CURRENT_PROJECT_VERSION = 1;
				DEVELOPMENT_ASSET_PATHS = "\"Netflix/Preview Content\"";
				DEVELOPMENT_TEAM = LPVYFJX62D;
				ENABLE_PREVIEWS = YES;
				GENERATE_INFOPLIST_FILE = YES;
				INFOPLIST_FILE = "$(TARGET_NAME)/Info.plist";
				LD_RUNPATH_SEARCH_PATHS = (
					"$(inherited)",
					"@executable_path/Frameworks",
				);
				MARKETING_VERSION = 1.0;
				PRODUCT_BUNDLE_IDENTIFIER = com.sanchez.Netflix;
				PRODUCT_NAME = "$(TARGET_NAME)";
				SUPPORTED_PLATFORMS = "xros xrsimulator";
				SWIFT_EMIT_LOC_STRINGS = YES;
				SWIFT_VERSION = 5.0;
				TARGETED_DEVICE_FAMILY = "1,2,7";
			};
			name = Debug;
		};
		A1CCBFFE2B87FFC1008C4B3A /* Release */ = {
			isa = XCBuildConfiguration;
			buildSettings = {
				ASSETCATALOG_COMPILER_APPICON_NAME = AppIcon;
				ASSETCATALOG_COMPILER_GLOBAL_ACCENT_COLOR_NAME = AccentColor;
				CODE_SIGN_STYLE = Automatic;
				CURRENT_PROJECT_VERSION = 1;
				DEVELOPMENT_ASSET_PATHS = "\"Netflix/Preview Content\"";
				DEVELOPMENT_TEAM = LPVYFJX62D;
				ENABLE_PREVIEWS = YES;
				GENERATE_INFOPLIST_FILE = YES;
				INFOPLIST_FILE = "$(TARGET_NAME)/Info.plist";
				LD_RUNPATH_SEARCH_PATHS = (
					"$(inherited)",
					"@executable_path/Frameworks",
				);
				MARKETING_VERSION = 1.0;
				PRODUCT_BUNDLE_IDENTIFIER = com.sanchez.Netflix;
				PRODUCT_NAME = "$(TARGET_NAME)";
				SUPPORTED_PLATFORMS = "xros xrsimulator";
				SWIFT_EMIT_LOC_STRINGS = YES;
				SWIFT_VERSION = 5.0;
				TARGETED_DEVICE_FAMILY = "1,2,7";
			};
			name = Release;
		};
/* End XCBuildConfiguration section */

/* Begin XCConfigurationList section */
		A1CCBFE02B87FFBF008C4B3A /* Build configuration list for PBXProject "Netflix" */ = {
			isa = XCConfigurationList;
			buildConfigurations = (
				A1CCBFFA2B87FFC1008C4B3A /* Debug */,
				A1CCBFFB2B87FFC1008C4B3A /* Release */,
			);
			defaultConfigurationIsVisible = 0;
			defaultConfigurationName = Release;
		};
		A1CCBFFC2B87FFC1008C4B3A /* Build configuration list for PBXNativeTarget "Netflix" */ = {
			isa = XCConfigurationList;
			buildConfigurations = (
				A1CCBFFD2B87FFC1008C4B3A /* Debug */,
				A1CCBFFE2B87FFC1008C4B3A /* Release */,
			);
			defaultConfigurationIsVisible = 0;
			defaultConfigurationName = Release;
		};
/* End XCConfigurationList section */

/* Begin XCSwiftPackageProductDependency section */
		A1CCBFEA2B87FFBF008C4B3A /* RealityKitContent */ = {
			isa = XCSwiftPackageProductDependency;
			productName = RealityKitContent;
		};
/* End XCSwiftPackageProductDependency section */
	};
	rootObject = A1CCBFDD2B87FFBF008C4B3A /* Project object */;
}
